<?xml version="1.0" encoding="utf-8"?>
<Project ToolsVersion="4.0" xmlns="http://schemas.microsoft.com/developer/msbuild/2003">
  <ItemGroup>
    <Filter Include="header">
      <UniqueIdentifier>{93995380-89BD-4b04-88EB-625FBE52EBFB}</UniqueIdentifier>
      <Extensions>h;hh;hpp;hxx;h++;hm;inl;inc;ipp;xsd</Extensions>
    </Filter>
    <Filter Include="header\00.Define">
      <UniqueIdentifier>{96f3364c-70b8-4594-ab5c-efd7b487316d}</UniqueIdentifier>
    </Filter>
    <Filter Include="header\01.Type">
      <UniqueIdentifier>{95d2e47b-5347-41cc-91c0-c48f7785ae0b}</UniqueIdentifier>
    </Filter>
    <Filter Include="header\02.TypeConverter">
      <UniqueIdentifier>{783ae2eb-0a6d-4703-9fbc-8e96d01390a4}</UniqueIdentifier>
    </Filter>
    <Filter Include="source">
      <UniqueIdentifier>{4FC737F1-C7A5-4376-A066-2A32D752A2FF}</UniqueIdentifier>
      <Extensions>cpp;c;cc;cxx;c++;cppm;ixx;def;odl;idl;hpj;bat;asm;asmx</Extensions>
    </Filter>
    <Filter Include="source\00.Define">
      <UniqueIdentifier>{af45e184-9e0f-41ee-b8aa-b0843a8b0745}</UniqueIdentifier>
    </Filter>
    <Filter Include="source\01.Type">
      <UniqueIdentifier>{63900399-7fa4-4d7f-9a1c-5d482dfd1c7a}</UniqueIdentifier>
    </Filter>
    <Filter Include="source\02.TypeConverter">
      <UniqueIdentifier>{e8f62b28-eb86-4c1c-83c2-86e1cf2d80d1}</UniqueIdentifier>
    </Filter>
    <Filter Include="source\03.TypeManager">
      <UniqueIdentifier>{8c8948b8-519f-444b-83b1-77d96ba38f42}</UniqueIdentifier>
    </Filter>
    <Filter Include="header\04.StringHelper">
      <UniqueIdentifier>{16adba94-b1c7-4e9c-8d26-3a10cb2cfdfd}</UniqueIdentifier>
    </Filter>
    <Filter Include="source\04.StringHelper">
      <UniqueIdentifier>{f75bdb30-b5f1-4e50-811f-05bad42ac5d6}</UniqueIdentifier>
    </Filter>
    <Filter Include="header\01.Type\STL">
      <UniqueIdentifier>{62fa10cd-13f3-4eac-af1b-fbc1b66609f6}</UniqueIdentifier>
    </Filter>
    <Filter Include="source\01.Type\STL">
      <UniqueIdentifier>{3cbfe928-c286-4053-8106-1cb0133d4084}</UniqueIdentifier>
    </Filter>
    <Filter Include="header\03.TypeManager">
      <UniqueIdentifier>{3ca41bbd-7bb5-4636-9586-b55824e46e80}</UniqueIdentifier>
    </Filter>
  </ItemGroup>
  <ItemGroup>
    <ClInclude Include="ImpReflectionPCH.h" />
    <ClInclude Include="TypeCategoryEnumClass.h">
      <Filter>header\00.Define</Filter>
    </ClInclude>
    <ClInclude Include="PrimitiveType.h">
      <Filter>header\01.Type</Filter>
    </ClInclude>
    <ClInclude Include="PrimitiveFunciton.h">
      <Filter>header\00.Define</Filter>
    </ClInclude>
    <ClInclude Include="EnumClassType.h">
      <Filter>header\01.Type</Filter>
    </ClInclude>
    <ClInclude Include="Type.h">
      <Filter>header\01.Type</Filter>
    </ClInclude>
    <ClInclude Include="ITypeConverter.h">
      <Filter>header\02.TypeConverter</Filter>
    </ClInclude>
    <ClInclude Include="TypeConverter.h">
      <Filter>header\02.TypeConverter</Filter>
    </ClInclude>
    <ClInclude Include="ClassType.h">
      <Filter>header\01.Type</Filter>
    </ClInclude>
    <ClInclude Include="ReflectionMacro.h">
      <Filter>header\00.Define</Filter>
    </ClInclude>
    <ClInclude Include="ImpReflectionHeader.h" />
    <ClInclude Include="Meta.h">
      <Filter>header\02.TypeConverter</Filter>
    </ClInclude>
    <ClInclude Include="TypeManager.h">
      <Filter>header\03.TypeManager</Filter>
    </ClInclude>
    <ClInclude Include="Exception.h">
      <Filter>header\00.Define</Filter>
    </ClInclude>
    <ClInclude Include="StringHelper.h">
      <Filter>header\04.StringHelper</Filter>
    </ClInclude>
    <ClInclude Include="TypeConverterVector.h">
      <Filter>header\02.TypeConverter</Filter>
    </ClInclude>
    <ClInclude Include="ListType.h">
      <Filter>header\01.Type\STL</Filter>
    </ClInclude>
    <ClInclude Include="VectorType.h">
      <Filter>header\01.Type\STL</Filter>
    </ClInclude>
    <ClInclude Include="StringType.h">
      <Filter>header\01.Type</Filter>
    </ClInclude>
    <ClInclude Include="TypeConverterList.h">
      <Filter>header\02.TypeConverter</Filter>
    </ClInclude>
    <ClInclude Include="TypeConverterMap.h">
      <Filter>header\02.TypeConverter</Filter>
    </ClInclude>
    <ClInclude Include="MapType.h">
      <Filter>header\01.Type\STL</Filter>
    </ClInclude>
    <ClInclude Include="UnorderedMapType.h">
      <Filter>header\01.Type\STL</Filter>
    </ClInclude>
    <ClInclude Include="UnorderedMapTypeConverter.h">
      <Filter>header\02.TypeConverter</Filter>
    </ClInclude>
  </ItemGroup>
  <ItemGroup>
    <ClCompile Include="ImpReflectionPCH.cpp">
      <Filter>source\00.Define</Filter>
    </ClCompile>
    <ClCompile Include="Type.cpp">
      <Filter>source\01.Type</Filter>
    </ClCompile>
    <ClCompile Include="PrimitiveType.cpp">
      <Filter>source\01.Type</Filter>
    </ClCompile>
    <ClCompile Include="EnumClassType.cpp">
      <Filter>source\01.Type</Filter>
    </ClCompile>
    <ClCompile Include="StringType.cpp">
      <Filter>source\01.Type</Filter>
    </ClCompile>
    <ClCompile Include="ITypeConverter.cpp">
      <Filter>source\02.TypeConverter</Filter>
    </ClCompile>
    <ClCompile Include="TypeConverter.cpp">
      <Filter>source\02.TypeConverter</Filter>
    </ClCompile>
    <ClCompile Include="Meta.cpp">
      <Filter>source\02.TypeConverter</Filter>
    </ClCompile>
    <ClCompile Include="ClassType.cpp">
      <Filter>source\01.Type</Filter>
    </ClCompile>
    <ClCompile Include="TypeManager.cpp">
      <Filter>source\03.TypeManager</Filter>
    </ClCompile>
    <ClCompile Include="Exception.cpp">
      <Filter>source\00.Define</Filter>
    </ClCompile>
    <ClCompile Include="StringHelper.cpp">
      <Filter>source\04.StringHelper</Filter>
    </ClCompile>
    <ClCompile Include="TypeConverterVector.cpp">
      <Filter>source\02.TypeConverter</Filter>
    </ClCompile>
    <ClCompile Include="ListType.cpp">
      <Filter>source\01.Type\STL</Filter>
    </ClCompile>
    <ClCompile Include="VectorType.cpp">
      <Filter>source\01.Type\STL</Filter>
    </ClCompile>
    <ClCompile Include="TypeConverterList.cpp">
      <Filter>source\02.TypeConverter</Filter>
    </ClCompile>
    <ClCompile Include="TypeConverterMap.cpp">
      <Filter>source\02.TypeConverter</Filter>
    </ClCompile>
    <ClCompile Include="MapType.cpp">
      <Filter>source\01.Type\STL</Filter>
    </ClCompile>
    <ClCompile Include="UnorderedMapType.cpp">
      <Filter>source\01.Type</Filter>
    </ClCompile>
    <ClCompile Include="UnorderedMapTypeConverter.cpp">
      <Filter>source\02.TypeConverter</Filter>
    </ClCompile>
  </ItemGroup>
</Project>